
Microsoft Visual Studio Solution File, Format Version 12.00
# Visual Studio Version 17
VisualStudioVersion = 17.1.32319.34
MinimumVisualStudioVersion = 10.0.40219.1
Project("{FAE04EC0-301F-11D3-BF4B-00C04F79EFBC}") = "NthDigitOfPi", "NthDigitOfPi\NthDigitOfPi.csproj", "{9AF07EF7-5432-433B-8E99-29B26F4EECC8}"
EndProject
Project("{FAE04EC0-301F-11D3-BF4B-00C04F79EFBC}") = "NthDigitOfPi.Specs", "NthDigitOfPi.specs\NthDigitOfPi.Specs.csproj", "{11E97537-82FD-491D-8264-1BBD758F1155}"
EndProject
Project("{FAE04EC0-301F-11D3-BF4B-00C04F79EFBC}") = "NthDigitOfPi.Tests", "NthDigitOfPi.tests\NthDigitOfPi.Tests.csproj", "{5A16D1A7-458C-45B4-BCDB-C6867FDF1DF3}"
EndProject
Global
	GlobalSection(SolutionConfigurationPlatforms) = preSolution
		Debug|Any CPU = Debug|Any CPU
		Release|Any CPU = Release|Any CPU
	EndGlobalSection
	GlobalSection(ProjectConfigurationPlatforms) = postSolution
		{9AF07EF7-5432-433B-8E99-29B26F4EECC8}.Debug|Any CPU.ActiveCfg = Debug|Any CPU
		{9AF07EF7-5432-433B-8E99-29B26F4EECC8}.Debug|Any CPU.Build.0 = Debug|Any CPU
		{9AF07EF7-5432-433B-8E99-29B26F4EECC8}.Release|Any CPU.ActiveCfg = Release|Any CPU
		{9AF07EF7-5432-433B-8E99-29B26F4EECC8}.Release|Any CPU.Build.0 = Release|Any CPU
		{11E97537-82FD-491D-8264-1BBD758F1155}.Debug|Any CPU.ActiveCfg = Debug|Any CPU
		{11E97537-82FD-491D-8264-1BBD758F1155}.Debug|Any CPU.Build.0 = Debug|Any CPU
		{11E97537-82FD-491D-8264-1BBD758F1155}.Release|Any CPU.ActiveCfg = Release|Any CPU
		{11E97537-82FD-491D-8264-1BBD758F1155}.Release|Any CPU.Build.0 = Release|Any CPU
		{5A16D1A7-458C-45B4-BCDB-C6867FDF1DF3}.Debug|Any CPU.ActiveCfg = Debug|Any CPU
		{5A16D1A7-458C-45B4-BCDB-C6867FDF1DF3}.Debug|Any CPU.Build.0 = Debug|Any CPU
		{5A16D1A7-458C-45B4-BCDB-C6867FDF1DF3}.Release|Any CPU.ActiveCfg = Release|Any CPU
		{5A16D1A7-458C-45B4-BCDB-C6867FDF1DF3}.Release|Any CPU.Build.0 = Release|Any CPU
	EndGlobalSection
	GlobalSection(SolutionProperties) = preSolution
		HideSolutionNode = FALSE
	EndGlobalSection
	GlobalSection(ExtensibilityGlobals) = postSolution
		SolutionGuid = {952543DB-69DC-4D57-80F3-202897EEA4EC}
	EndGlobalSection
EndGlobal
